
Microsoft Visual Studio Solution File, Format Version 12.00
# Visual Studio Version 17
VisualStudioVersion = 17.12.35514.174 d17.12
MinimumVisualStudioVersion = 10.0.40219.1
Project("{2150E333-8FDC-42A3-9474-1A3956D46DE8}") = "Task0", "Task0", "{2731A5B6-AF64-47C1-ADE6-245F833FDDFE}"
EndProject
Project("{FAE04EC0-301F-11D3-BF4B-00C04F79EFBC}") = "Tyuiu.VumaR.Sprint3.Task0.V4", "Tyuiu.VumaR.Sprint3.Task0.V4\Tyuiu.VumaR.Sprint3.Task0.V4.csproj", "{6F897329-41CE-4BD4-94AC-8B91CC959B01}"
EndProject
Project("{FAE04EC0-301F-11D3-BF4B-00C04F79EFBC}") = "Tyuiu.VumaR.Sprint3.Task0.V4.Lib", "Tyuiu.VumaR.Sprint3.Task0.V4.Lib\Tyuiu.VumaR.Sprint3.Task0.V4.Lib.csproj", "{611E6FA0-9F2B-48E8-8967-E7A5A5A1D87D}"
EndProject
Project("{FAE04EC0-301F-11D3-BF4B-00C04F79EFBC}") = "Tyuiu.VumaR.Sprint3.Task0.V4.Test", "Tyuiu.VumaR.Sprint3.Task0.V4.Test\Tyuiu.VumaR.Sprint3.Task0.V4.Test.csproj", "{8A605D7D-A3A5-463D-989C-7016A4A1B739}"
EndProject
Project("{2150E333-8FDC-42A3-9474-1A3956D46DE8}") = "Task1", "Task1", "{C6B843D8-1047-48F8-B5E3-3C56B397BBA4}"
EndProject
Project("{FAE04EC0-301F-11D3-BF4B-00C04F79EFBC}") = "Tyuiu.VumaR.Sprint3.Task1.V8", "Tyuiu.VumaR.Sprint3.Task1.V8\Tyuiu.VumaR.Sprint3.Task1.V8.csproj", "{2768B77B-90B1-422C-84FF-1847C8E75810}"
EndProject
Project("{FAE04EC0-301F-11D3-BF4B-00C04F79EFBC}") = "Tyuiu.VumaR.Sprint3.Task1.V8.Lib", "Tyuiu.VumaR.Sprint3.Task1.V8.Lib\Tyuiu.VumaR.Sprint3.Task1.V8.Lib.csproj", "{F4323070-5932-4AFB-9B63-61AA6D4C6B44}"
EndProject
Project("{FAE04EC0-301F-11D3-BF4B-00C04F79EFBC}") = "Tyuiu.VumaR.Sprint3.Task1.V8.Test", "Tyuiu.VumaR.Sprint3.Task1.V8.Test\Tyuiu.VumaR.Sprint3.Task1.V8.Test.csproj", "{103BDED1-2597-4C0F-AF2E-83ACA0179D12}"
EndProject
Project("{2150E333-8FDC-42A3-9474-1A3956D46DE8}") = "Task2", "Task2", "{7CC311D2-8777-4261-9B97-1005D1EC986C}"
EndProject
Project("{FAE04EC0-301F-11D3-BF4B-00C04F79EFBC}") = "Tyuiu.VumaR.Sprint3.Task2.V28", "Tyuiu.VumaR.Sprint3.Task2.V28\Tyuiu.VumaR.Sprint3.Task2.V28.csproj", "{4614D337-70C1-4903-967F-6DC6736BDB0F}"
EndProject
Project("{FAE04EC0-301F-11D3-BF4B-00C04F79EFBC}") = "Tyuiu.VumaR.Sprint3.Task2.V28.Lib", "Tyuiu.VumaR.Sprint3.Task2.V28.Lib\Tyuiu.VumaR.Sprint3.Task2.V28.Lib.csproj", "{E527F814-39B9-4357-BBD1-F997C45D27D6}"
EndProject
Project("{FAE04EC0-301F-11D3-BF4B-00C04F79EFBC}") = "Tyuiu.VumaR.Sprint3.Task2.V28.Test", "Tyuiu.VumaR.Sprint3.Task2.V28.Test\Tyuiu.VumaR.Sprint3.Task2.V28.Test.csproj", "{252A5094-E1E3-4194-961E-90C34CE2033F}"
EndProject
Project("{2150E333-8FDC-42A3-9474-1A3956D46DE8}") = "Task3", "Task3", "{A2E4C5B3-C58E-4AF4-952B-35844028CA67}"
EndProject
Project("{FAE04EC0-301F-11D3-BF4B-00C04F79EFBC}") = "Tyuiu.VumaR.Sprint3.Task3.V26", "Tyuiu.VumaR.Sprint3.Task3.V26\Tyuiu.VumaR.Sprint3.Task3.V26.csproj", "{CC075985-8CC1-4542-84FF-E5D74655056A}"
EndProject
Project("{FAE04EC0-301F-11D3-BF4B-00C04F79EFBC}") = "Tyuiu.VumaR.Sprint3.Task3.V26.Lib", "Tyuiu.VumaR.Sprint3.Task3.V26.Lib\Tyuiu.VumaR.Sprint3.Task3.V26.Lib.csproj", "{62E046EB-AC7D-4C4B-8B0F-63563FD4EA3C}"
EndProject
Project("{FAE04EC0-301F-11D3-BF4B-00C04F79EFBC}") = "Tyuiu.VumaR.Sprint3.Task3.V26.Test", "Tyuiu.VumaR.Sprint3.Task3.V26.Test\Tyuiu.VumaR.Sprint3.Task3.V26.Test.csproj", "{1296EF6A-361A-4A6E-A83E-B28C194FED8D}"
EndProject
Project("{2150E333-8FDC-42A3-9474-1A3956D46DE8}") = "Task4", "Task4", "{B42D1E49-AAD7-487B-8037-71975B62C5C0}"
EndProject
Project("{FAE04EC0-301F-11D3-BF4B-00C04F79EFBC}") = "Tyuiu.VumaR.Sprint3.Task4.V27", "Tyuiu.VumaR.Sprint3.Task4.V27\Tyuiu.VumaR.Sprint3.Task4.V27.csproj", "{9262C2F4-EE8A-4D19-99B3-70DFE956C682}"
EndProject
Project("{FAE04EC0-301F-11D3-BF4B-00C04F79EFBC}") = "Tyuiu.VumaR.Sprint3.Task4.V27.Lib", "Tyuiu.VumaR.Sprint3.Task4.V27.Lib\Tyuiu.VumaR.Sprint3.Task4.V27.Lib.csproj", "{FE2EC560-5E46-4FBD-AD3B-ADE603A9AE98}"
EndProject
Project("{FAE04EC0-301F-11D3-BF4B-00C04F79EFBC}") = "Tyuiu.VumaR.Sprint3.Task4.V27.Test", "Tyuiu.VumaR.Sprint3.Task4.V27.Test\Tyuiu.VumaR.Sprint3.Task4.V27.Test.csproj", "{C73ED99D-B1D0-4078-9917-E625525B1F2C}"
EndProject
Project("{2150E333-8FDC-42A3-9474-1A3956D46DE8}") = "Task5", "Task5", "{00D4F83E-9062-4268-8106-261F0C854621}"
EndProject
Project("{FAE04EC0-301F-11D3-BF4B-00C04F79EFBC}") = "Tyuiu.VumaR.Sprint3.Task5.V9", "Tyuiu.VumaR.Sprint3.Task5.V9\Tyuiu.VumaR.Sprint3.Task5.V9.csproj", "{52A3A61C-E2BD-4082-A7DA-930D6356BD0C}"
EndProject
Project("{FAE04EC0-301F-11D3-BF4B-00C04F79EFBC}") = "Tyuiu.VumaR.Sprint3.Task5.V9.Lib", "Tyuiu.VumaR.Sprint3.Task5.V9.Lib\Tyuiu.VumaR.Sprint3.Task5.V9.Lib.csproj", "{C94D1281-95BC-4C18-96E2-3D20EA64183E}"
EndProject
Project("{FAE04EC0-301F-11D3-BF4B-00C04F79EFBC}") = "Tyuiu.VumaR.Sprint3.Task5.V9.Test", "Tyuiu.VumaR.Sprint3.Task5.V9.Test\Tyuiu.VumaR.Sprint3.Task5.V9.Test.csproj", "{6130B5B3-709B-4F5E-89A5-97A961D144D7}"
EndProject
Project("{2150E333-8FDC-42A3-9474-1A3956D46DE8}") = "Task6", "Task6", "{9DD4C5BE-720D-4084-8C54-100A65226C9C}"
EndProject
Project("{FAE04EC0-301F-11D3-BF4B-00C04F79EFBC}") = "Tyuiu.VumaR.Sprint3.Task6.V24", "Tyuiu.VumaR.Sprint3.Task6.V24\Tyuiu.VumaR.Sprint3.Task6.V24.csproj", "{A0B468E8-B544-4B6E-B4EB-CF5188971D02}"
EndProject
Project("{FAE04EC0-301F-11D3-BF4B-00C04F79EFBC}") = "Tyuiu.VumaR.Sprint3.Task6.V24.Lib", "Tyuiu.VumaR.Sprint3.Task6.V24.Lib\Tyuiu.VumaR.Sprint3.Task6.V24.Lib.csproj", "{1FE77F1A-599F-4C19-BBEA-00FE5F37657B}"
EndProject
Project("{FAE04EC0-301F-11D3-BF4B-00C04F79EFBC}") = "Tyuiu.VumaR.Sprint3.Task6.V24.Test", "Tyuiu.VumaR.Sprint3.Task6.V24.Test\Tyuiu.VumaR.Sprint3.Task6.V24.Test.csproj", "{3B374AC1-BB33-4BCC-977E-623C71A64C50}"
EndProject
Project("{2150E333-8FDC-42A3-9474-1A3956D46DE8}") = "Task7", "Task7", "{7F1E3E50-83CD-448B-A6B2-F8117796D976}"
EndProject
Project("{FAE04EC0-301F-11D3-BF4B-00C04F79EFBC}") = "Tyuiu.VumaR.Sprint3.Task7.V5", "Tyuiu.VumaR.Sprint3.Task7.V5\Tyuiu.VumaR.Sprint3.Task7.V5.csproj", "{484709EA-8102-4401-8373-DAA973C5A92D}"
EndProject
Project("{FAE04EC0-301F-11D3-BF4B-00C04F79EFBC}") = "Tyuiu.VumaR.Sprint3.Task7.V5.Lib", "Tyuiu.VumaR.Sprint3.Task7.V5.Lib\Tyuiu.VumaR.Sprint3.Task7.V5.Lib.csproj", "{EFDDE0D3-6719-4FB7-9596-C1ED7C255300}"
EndProject
Project("{FAE04EC0-301F-11D3-BF4B-00C04F79EFBC}") = "Tyuiu.VumaR.Sprint3.Task7.V5.Test", "Tyuiu.VumaR.Sprint3.Task7.V5.Test\Tyuiu.VumaR.Sprint3.Task7.V5.Test.csproj", "{8FDB7C53-F34D-47B4-B6ED-54713B983251}"
EndProject
Global
	GlobalSection(SolutionConfigurationPlatforms) = preSolution
		Debug|Any CPU = Debug|Any CPU
		Release|Any CPU = Release|Any CPU
	EndGlobalSection
	GlobalSection(ProjectConfigurationPlatforms) = postSolution
		{6F897329-41CE-4BD4-94AC-8B91CC959B01}.Debug|Any CPU.ActiveCfg = Debug|Any CPU
		{6F897329-41CE-4BD4-94AC-8B91CC959B01}.Debug|Any CPU.Build.0 = Debug|Any CPU
		{6F897329-41CE-4BD4-94AC-8B91CC959B01}.Release|Any CPU.ActiveCfg = Release|Any CPU
		{6F897329-41CE-4BD4-94AC-8B91CC959B01}.Release|Any CPU.Build.0 = Release|Any CPU
		{611E6FA0-9F2B-48E8-8967-E7A5A5A1D87D}.Debug|Any CPU.ActiveCfg = Debug|Any CPU
		{611E6FA0-9F2B-48E8-8967-E7A5A5A1D87D}.Debug|Any CPU.Build.0 = Debug|Any CPU
		{611E6FA0-9F2B-48E8-8967-E7A5A5A1D87D}.Release|Any CPU.ActiveCfg = Release|Any CPU
		{611E6FA0-9F2B-48E8-8967-E7A5A5A1D87D}.Release|Any CPU.Build.0 = Release|Any CPU
		{8A605D7D-A3A5-463D-989C-7016A4A1B739}.Debug|Any CPU.ActiveCfg = Debug|Any CPU
		{8A605D7D-A3A5-463D-989C-7016A4A1B739}.Debug|Any CPU.Build.0 = Debug|Any CPU
		{8A605D7D-A3A5-463D-989C-7016A4A1B739}.Release|Any CPU.ActiveCfg = Release|Any CPU
		{8A605D7D-A3A5-463D-989C-7016A4A1B739}.Release|Any CPU.Build.0 = Release|Any CPU
		{2768B77B-90B1-422C-84FF-1847C8E75810}.Debug|Any CPU.ActiveCfg = Debug|Any CPU
		{2768B77B-90B1-422C-84FF-1847C8E75810}.Debug|Any CPU.Build.0 = Debug|Any CPU
		{2768B77B-90B1-422C-84FF-1847C8E75810}.Release|Any CPU.ActiveCfg = Release|Any CPU
		{2768B77B-90B1-422C-84FF-1847C8E75810}.Release|Any CPU.Build.0 = Release|Any CPU
		{F4323070-5932-4AFB-9B63-61AA6D4C6B44}.Debug|Any CPU.ActiveCfg = Debug|Any CPU
		{F4323070-5932-4AFB-9B63-61AA6D4C6B44}.Debug|Any CPU.Build.0 = Debug|Any CPU
		{F4323070-5932-4AFB-9B63-61AA6D4C6B44}.Release|Any CPU.ActiveCfg = Release|Any CPU
		{F4323070-5932-4AFB-9B63-61AA6D4C6B44}.Release|Any CPU.Build.0 = Release|Any CPU
		{103BDED1-2597-4C0F-AF2E-83ACA0179D12}.Debug|Any CPU.ActiveCfg = Debug|Any CPU
		{103BDED1-2597-4C0F-AF2E-83ACA0179D12}.Debug|Any CPU.Build.0 = Debug|Any CPU
		{103BDED1-2597-4C0F-AF2E-83ACA0179D12}.Release|Any CPU.ActiveCfg = Release|Any CPU
		{103BDED1-2597-4C0F-AF2E-83ACA0179D12}.Release|Any CPU.Build.0 = Release|Any CPU
		{4614D337-70C1-4903-967F-6DC6736BDB0F}.Debug|Any CPU.ActiveCfg = Debug|Any CPU
		{4614D337-70C1-4903-967F-6DC6736BDB0F}.Debug|Any CPU.Build.0 = Debug|Any CPU
		{4614D337-70C1-4903-967F-6DC6736BDB0F}.Release|Any CPU.ActiveCfg = Release|Any CPU
		{4614D337-70C1-4903-967F-6DC6736BDB0F}.Release|Any CPU.Build.0 = Release|Any CPU
		{E527F814-39B9-4357-BBD1-F997C45D27D6}.Debug|Any CPU.ActiveCfg = Debug|Any CPU
		{E527F814-39B9-4357-BBD1-F997C45D27D6}.Debug|Any CPU.Build.0 = Debug|Any CPU
		{E527F814-39B9-4357-BBD1-F997C45D27D6}.Release|Any CPU.ActiveCfg = Release|Any CPU
		{E527F814-39B9-4357-BBD1-F997C45D27D6}.Release|Any CPU.Build.0 = Release|Any CPU
		{252A5094-E1E3-4194-961E-90C34CE2033F}.Debug|Any CPU.ActiveCfg = Debug|Any CPU
		{252A5094-E1E3-4194-961E-90C34CE2033F}.Debug|Any CPU.Build.0 = Debug|Any CPU
		{252A5094-E1E3-4194-961E-90C34CE2033F}.Release|Any CPU.ActiveCfg = Release|Any CPU
		{252A5094-E1E3-4194-961E-90C34CE2033F}.Release|Any CPU.Build.0 = Release|Any CPU
		{CC075985-8CC1-4542-84FF-E5D74655056A}.Debug|Any CPU.ActiveCfg = Debug|Any CPU
		{CC075985-8CC1-4542-84FF-E5D74655056A}.Debug|Any CPU.Build.0 = Debug|Any CPU
		{CC075985-8CC1-4542-84FF-E5D74655056A}.Release|Any CPU.ActiveCfg = Release|Any CPU
		{CC075985-8CC1-4542-84FF-E5D74655056A}.Release|Any CPU.Build.0 = Release|Any CPU
		{62E046EB-AC7D-4C4B-8B0F-63563FD4EA3C}.Debug|Any CPU.ActiveCfg = Debug|Any CPU
		{62E046EB-AC7D-4C4B-8B0F-63563FD4EA3C}.Debug|Any CPU.Build.0 = Debug|Any CPU
		{62E046EB-AC7D-4C4B-8B0F-63563FD4EA3C}.Release|Any CPU.ActiveCfg = Release|Any CPU
		{62E046EB-AC7D-4C4B-8B0F-63563FD4EA3C}.Release|Any CPU.Build.0 = Release|Any CPU
		{1296EF6A-361A-4A6E-A83E-B28C194FED8D}.Debug|Any CPU.ActiveCfg = Debug|Any CPU
		{1296EF6A-361A-4A6E-A83E-B28C194FED8D}.Debug|Any CPU.Build.0 = Debug|Any CPU
		{1296EF6A-361A-4A6E-A83E-B28C194FED8D}.Release|Any CPU.ActiveCfg = Release|Any CPU
		{1296EF6A-361A-4A6E-A83E-B28C194FED8D}.Release|Any CPU.Build.0 = Release|Any CPU
		{9262C2F4-EE8A-4D19-99B3-70DFE956C682}.Debug|Any CPU.ActiveCfg = Debug|Any CPU
		{9262C2F4-EE8A-4D19-99B3-70DFE956C682}.Debug|Any CPU.Build.0 = Debug|Any CPU
		{9262C2F4-EE8A-4D19-99B3-70DFE956C682}.Release|Any CPU.ActiveCfg = Release|Any CPU
		{9262C2F4-EE8A-4D19-99B3-70DFE956C682}.Release|Any CPU.Build.0 = Release|Any CPU
		{FE2EC560-5E46-4FBD-AD3B-ADE603A9AE98}.Debug|Any CPU.ActiveCfg = Debug|Any CPU
		{FE2EC560-5E46-4FBD-AD3B-ADE603A9AE98}.Debug|Any CPU.Build.0 = Debug|Any CPU
		{FE2EC560-5E46-4FBD-AD3B-ADE603A9AE98}.Release|Any CPU.ActiveCfg = Release|Any CPU
		{FE2EC560-5E46-4FBD-AD3B-ADE603A9AE98}.Release|Any CPU.Build.0 = Release|Any CPU
		{C73ED99D-B1D0-4078-9917-E625525B1F2C}.Debug|Any CPU.ActiveCfg = Debug|Any CPU
		{C73ED99D-B1D0-4078-9917-E625525B1F2C}.Debug|Any CPU.Build.0 = Debug|Any CPU
		{C73ED99D-B1D0-4078-9917-E625525B1F2C}.Release|Any CPU.ActiveCfg = Release|Any CPU
		{C73ED99D-B1D0-4078-9917-E625525B1F2C}.Release|Any CPU.Build.0 = Release|Any CPU
		{52A3A61C-E2BD-4082-A7DA-930D6356BD0C}.Debug|Any CPU.ActiveCfg = Debug|Any CPU
		{52A3A61C-E2BD-4082-A7DA-930D6356BD0C}.Debug|Any CPU.Build.0 = Debug|Any CPU
		{52A3A61C-E2BD-4082-A7DA-930D6356BD0C}.Release|Any CPU.ActiveCfg = Release|Any CPU
		{52A3A61C-E2BD-4082-A7DA-930D6356BD0C}.Release|Any CPU.Build.0 = Release|Any CPU
		{C94D1281-95BC-4C18-96E2-3D20EA64183E}.Debug|Any CPU.ActiveCfg = Debug|Any CPU
		{C94D1281-95BC-4C18-96E2-3D20EA64183E}.Debug|Any CPU.Build.0 = Debug|Any CPU
		{C94D1281-95BC-4C18-96E2-3D20EA64183E}.Release|Any CPU.ActiveCfg = Release|Any CPU
		{C94D1281-95BC-4C18-96E2-3D20EA64183E}.Release|Any CPU.Build.0 = Release|Any CPU
		{6130B5B3-709B-4F5E-89A5-97A961D144D7}.Debug|Any CPU.ActiveCfg = Debug|Any CPU
		{6130B5B3-709B-4F5E-89A5-97A961D144D7}.Debug|Any CPU.Build.0 = Debug|Any CPU
		{6130B5B3-709B-4F5E-89A5-97A961D144D7}.Release|Any CPU.ActiveCfg = Release|Any CPU
		{6130B5B3-709B-4F5E-89A5-97A961D144D7}.Release|Any CPU.Build.0 = Release|Any CPU
		{A0B468E8-B544-4B6E-B4EB-CF5188971D02}.Debug|Any CPU.ActiveCfg = Debug|Any CPU
		{A0B468E8-B544-4B6E-B4EB-CF5188971D02}.Debug|Any CPU.Build.0 = Debug|Any CPU
		{A0B468E8-B544-4B6E-B4EB-CF5188971D02}.Release|Any CPU.ActiveCfg = Release|Any CPU
		{A0B468E8-B544-4B6E-B4EB-CF5188971D02}.Release|Any CPU.Build.0 = Release|Any CPU
		{1FE77F1A-599F-4C19-BBEA-00FE5F37657B}.Debug|Any CPU.ActiveCfg = Debug|Any CPU
		{1FE77F1A-599F-4C19-BBEA-00FE5F37657B}.Debug|Any CPU.Build.0 = Debug|Any CPU
		{1FE77F1A-599F-4C19-BBEA-00FE5F37657B}.Release|Any CPU.ActiveCfg = Release|Any CPU
		{1FE77F1A-599F-4C19-BBEA-00FE5F37657B}.Release|Any CPU.Build.0 = Release|Any CPU
		{3B374AC1-BB33-4BCC-977E-623C71A64C50}.Debug|Any CPU.ActiveCfg = Debug|Any CPU
		{3B374AC1-BB33-4BCC-977E-623C71A64C50}.Debug|Any CPU.Build.0 = Debug|Any CPU
		{3B374AC1-BB33-4BCC-977E-623C71A64C50}.Release|Any CPU.ActiveCfg = Release|Any CPU
		{3B374AC1-BB33-4BCC-977E-623C71A64C50}.Release|Any CPU.Build.0 = Release|Any CPU
		{484709EA-8102-4401-8373-DAA973C5A92D}.Debug|Any CPU.ActiveCfg = Debug|Any CPU
		{484709EA-8102-4401-8373-DAA973C5A92D}.Debug|Any CPU.Build.0 = Debug|Any CPU
		{484709EA-8102-4401-8373-DAA973C5A92D}.Release|Any CPU.ActiveCfg = Release|Any CPU
		{484709EA-8102-4401-8373-DAA973C5A92D}.Release|Any CPU.Build.0 = Release|Any CPU
		{EFDDE0D3-6719-4FB7-9596-C1ED7C255300}.Debug|Any CPU.ActiveCfg = Debug|Any CPU
		{EFDDE0D3-6719-4FB7-9596-C1ED7C255300}.Debug|Any CPU.Build.0 = Debug|Any CPU
		{EFDDE0D3-6719-4FB7-9596-C1ED7C255300}.Release|Any CPU.ActiveCfg = Release|Any CPU
		{EFDDE0D3-6719-4FB7-9596-C1ED7C255300}.Release|Any CPU.Build.0 = Release|Any CPU
		{8FDB7C53-F34D-47B4-B6ED-54713B983251}.Debug|Any CPU.ActiveCfg = Debug|Any CPU
		{8FDB7C53-F34D-47B4-B6ED-54713B983251}.Debug|Any CPU.Build.0 = Debug|Any CPU
		{8FDB7C53-F34D-47B4-B6ED-54713B983251}.Release|Any CPU.ActiveCfg = Release|Any CPU
		{8FDB7C53-F34D-47B4-B6ED-54713B983251}.Release|Any CPU.Build.0 = Release|Any CPU
	EndGlobalSection
	GlobalSection(SolutionProperties) = preSolution
		HideSolutionNode = FALSE
	EndGlobalSection
	GlobalSection(NestedProjects) = preSolution
		{6F897329-41CE-4BD4-94AC-8B91CC959B01} = {2731A5B6-AF64-47C1-ADE6-245F833FDDFE}
		{611E6FA0-9F2B-48E8-8967-E7A5A5A1D87D} = {2731A5B6-AF64-47C1-ADE6-245F833FDDFE}
		{8A605D7D-A3A5-463D-989C-7016A4A1B739} = {2731A5B6-AF64-47C1-ADE6-245F833FDDFE}
		{2768B77B-90B1-422C-84FF-1847C8E75810} = {C6B843D8-1047-48F8-B5E3-3C56B397BBA4}
		{F4323070-5932-4AFB-9B63-61AA6D4C6B44} = {C6B843D8-1047-48F8-B5E3-3C56B397BBA4}
		{103BDED1-2597-4C0F-AF2E-83ACA0179D12} = {C6B843D8-1047-48F8-B5E3-3C56B397BBA4}
		{4614D337-70C1-4903-967F-6DC6736BDB0F} = {7CC311D2-8777-4261-9B97-1005D1EC986C}
		{E527F814-39B9-4357-BBD1-F997C45D27D6} = {7CC311D2-8777-4261-9B97-1005D1EC986C}
		{252A5094-E1E3-4194-961E-90C34CE2033F} = {7CC311D2-8777-4261-9B97-1005D1EC986C}
		{CC075985-8CC1-4542-84FF-E5D74655056A} = {A2E4C5B3-C58E-4AF4-952B-35844028CA67}
		{62E046EB-AC7D-4C4B-8B0F-63563FD4EA3C} = {A2E4C5B3-C58E-4AF4-952B-35844028CA67}
		{1296EF6A-361A-4A6E-A83E-B28C194FED8D} = {A2E4C5B3-C58E-4AF4-952B-35844028CA67}
		{9262C2F4-EE8A-4D19-99B3-70DFE956C682} = {B42D1E49-AAD7-487B-8037-71975B62C5C0}
		{FE2EC560-5E46-4FBD-AD3B-ADE603A9AE98} = {B42D1E49-AAD7-487B-8037-71975B62C5C0}
		{C73ED99D-B1D0-4078-9917-E625525B1F2C} = {B42D1E49-AAD7-487B-8037-71975B62C5C0}
		{52A3A61C-E2BD-4082-A7DA-930D6356BD0C} = {00D4F83E-9062-4268-8106-261F0C854621}
		{C94D1281-95BC-4C18-96E2-3D20EA64183E} = {00D4F83E-9062-4268-8106-261F0C854621}
		{6130B5B3-709B-4F5E-89A5-97A961D144D7} = {00D4F83E-9062-4268-8106-261F0C854621}
		{A0B468E8-B544-4B6E-B4EB-CF5188971D02} = {9DD4C5BE-720D-4084-8C54-100A65226C9C}
		{1FE77F1A-599F-4C19-BBEA-00FE5F37657B} = {9DD4C5BE-720D-4084-8C54-100A65226C9C}
		{3B374AC1-BB33-4BCC-977E-623C71A64C50} = {9DD4C5BE-720D-4084-8C54-100A65226C9C}
		{484709EA-8102-4401-8373-DAA973C5A92D} = {7F1E3E50-83CD-448B-A6B2-F8117796D976}
		{EFDDE0D3-6719-4FB7-9596-C1ED7C255300} = {7F1E3E50-83CD-448B-A6B2-F8117796D976}
		{8FDB7C53-F34D-47B4-B6ED-54713B983251} = {7F1E3E50-83CD-448B-A6B2-F8117796D976}
	EndGlobalSection
EndGlobal
